
Microsoft Visual Studio Solution File, Format Version 12.00
# Visual Studio Version 17
VisualStudioVersion = 17.8.34525.116
MinimumVisualStudioVersion = 10.0.40219.1
Project("{FAE04EC0-301F-11D3-BF4B-00C04F79EFBC}") = "ClassTask", "ClassTask.csproj", "{CD84E8EB-1679-4FCE-B4D8-481774DE3D97}"
EndProject
Global
	GlobalSection(SolutionConfigurationPlatforms) = preSolution
		Debug|Any CPU = Debug|Any CPU
		Release|Any CPU = Release|Any CPU
	EndGlobalSection
	GlobalSection(ProjectConfigurationPlatforms) = postSolution
		{CD84E8EB-1679-4FCE-B4D8-481774DE3D97}.Debug|Any CPU.ActiveCfg = Debug|Any CPU
		{CD84E8EB-1679-4FCE-B4D8-481774DE3D97}.Debug|Any CPU.Build.0 = Debug|Any CPU
		{CD84E8EB-1679-4FCE-B4D8-481774DE3D97}.Release|Any CPU.ActiveCfg = Release|Any CPU
		{CD84E8EB-1679-4FCE-B4D8-481774DE3D97}.Release|Any CPU.Build.0 = Release|Any CPU
	EndGlobalSection
	GlobalSection(SolutionProperties) = preSolution
		HideSolutionNode = FALSE
	EndGlobalSection
	GlobalSection(ExtensibilityGlobals) = postSolution
		SolutionGuid = {48F3199D-D8ED-4440-BD1C-CE75E300A250}
	EndGlobalSection
EndGlobal
